
Microsoft Visual Studio Solution File, Format Version 12.00
# Visual Studio Version 16
VisualStudioVersion = 16.0.30114.105
MinimumVisualStudioVersion = 10.0.40219.1
Project("{FAE04EC0-301F-11D3-BF4B-00C04F79EFBC}") = "MyMediaPlayer", "MyMediaPlayer.csproj", "{4120C4DE-18C9-4BBA-9E0F-91B01E254079}"
EndProject
Global
	GlobalSection(SolutionConfigurationPlatforms) = preSolution
		Debug|Any CPU = Debug|Any CPU
		Release|Any CPU = Release|Any CPU
	EndGlobalSection
	GlobalSection(ProjectConfigurationPlatforms) = postSolution
		{4120C4DE-18C9-4BBA-9E0F-91B01E254079}.Debug|Any CPU.ActiveCfg = Debug|Any CPU
		{4120C4DE-18C9-4BBA-9E0F-91B01E254079}.Debug|Any CPU.Build.0 = Debug|Any CPU
		{4120C4DE-18C9-4BBA-9E0F-91B01E254079}.Release|Any CPU.ActiveCfg = Release|Any CPU
		{4120C4DE-18C9-4BBA-9E0F-91B01E254079}.Release|Any CPU.Build.0 = Release|Any CPU
	EndGlobalSection
	GlobalSection(SolutionProperties) = preSolution
		HideSolutionNode = FALSE
	EndGlobalSection
	GlobalSection(ExtensibilityGlobals) = postSolution
		SolutionGuid = {78C40CB0-1082-4107-A632-CD09D55ED358}
	EndGlobalSection
EndGlobal
